
Microsoft Visual Studio Solution File, Format Version 12.00
# Visual Studio Version 16
VisualStudioVersion = 16.0.31911.196
MinimumVisualStudioVersion = 10.0.40219.1
Project("{FAE04EC0-301F-11D3-BF4B-00C04F79EFBC}") = "REN_VICTOR_TP2_STR2D", "REN_VICTOR_TP2_STR2D\REN_VICTOR_TP2_STR2D.csproj", "{210EF22D-B4E2-4E13-8E7E-1FD4044D95C7}"
EndProject
Global
	GlobalSection(SolutionConfigurationPlatforms) = preSolution
		Debug|Any CPU = Debug|Any CPU
		Release|Any CPU = Release|Any CPU
	EndGlobalSection
	GlobalSection(ProjectConfigurationPlatforms) = postSolution
		{210EF22D-B4E2-4E13-8E7E-1FD4044D95C7}.Debug|Any CPU.ActiveCfg = Debug|Any CPU
		{210EF22D-B4E2-4E13-8E7E-1FD4044D95C7}.Debug|Any CPU.Build.0 = Debug|Any CPU
		{210EF22D-B4E2-4E13-8E7E-1FD4044D95C7}.Release|Any CPU.ActiveCfg = Release|Any CPU
		{210EF22D-B4E2-4E13-8E7E-1FD4044D95C7}.Release|Any CPU.Build.0 = Release|Any CPU
	EndGlobalSection
	GlobalSection(SolutionProperties) = preSolution
		HideSolutionNode = FALSE
	EndGlobalSection
	GlobalSection(ExtensibilityGlobals) = postSolution
		SolutionGuid = {4199A47E-6307-4C7B-82E0-AD3E9B86BDA3}
	EndGlobalSection
EndGlobal
